
Microsoft Visual Studio Solution File, Format Version 12.00
# Visual Studio Version 16
VisualStudioVersion = 16.0.31613.86
MinimumVisualStudioVersion = 10.0.40219.1
Project("{FAE04EC0-301F-11D3-BF4B-00C04F79EFBC}") = "CodeFirst_2008", "CodeFirst_2008\CodeFirst_2008.csproj", "{44B04735-FBDC-4B81-966C-6ABF1BF57946}"
EndProject
Global
	GlobalSection(SolutionConfigurationPlatforms) = preSolution
		Debug|Any CPU = Debug|Any CPU
		Release|Any CPU = Release|Any CPU
	EndGlobalSection
	GlobalSection(ProjectConfigurationPlatforms) = postSolution
		{44B04735-FBDC-4B81-966C-6ABF1BF57946}.Debug|Any CPU.ActiveCfg = Debug|Any CPU
		{44B04735-FBDC-4B81-966C-6ABF1BF57946}.Debug|Any CPU.Build.0 = Debug|Any CPU
		{44B04735-FBDC-4B81-966C-6ABF1BF57946}.Release|Any CPU.ActiveCfg = Release|Any CPU
		{44B04735-FBDC-4B81-966C-6ABF1BF57946}.Release|Any CPU.Build.0 = Release|Any CPU
	EndGlobalSection
	GlobalSection(SolutionProperties) = preSolution
		HideSolutionNode = FALSE
	EndGlobalSection
	GlobalSection(ExtensibilityGlobals) = postSolution
		SolutionGuid = {14DE14F7-1B5D-4C3C-887E-6ADB0950D32F}
	EndGlobalSection
EndGlobal
